
Microsoft Visual Studio Solution File, Format Version 12.00
# Visual Studio 15
VisualStudioVersion = 15.0.27130.2036
MinimumVisualStudioVersion = 10.0.40219.1
Project("{FAE04EC0-301F-11D3-BF4B-00C04F79EFBC}") = "Selenium.AutoIt", "Selenium.AutoIt\Selenium.AutoIt.csproj", "{568B4FAF-F90E-4ACC-83B9-29EE3B2662BB}"
EndProject
Global
	GlobalSection(SolutionConfigurationPlatforms) = preSolution
		Debug|Any CPU = Debug|Any CPU
		Release|Any CPU = Release|Any CPU
	EndGlobalSection
	GlobalSection(ProjectConfigurationPlatforms) = postSolution
		{568B4FAF-F90E-4ACC-83B9-29EE3B2662BB}.Debug|Any CPU.ActiveCfg = Debug|Any CPU
		{568B4FAF-F90E-4ACC-83B9-29EE3B2662BB}.Debug|Any CPU.Build.0 = Debug|Any CPU
		{568B4FAF-F90E-4ACC-83B9-29EE3B2662BB}.Release|Any CPU.ActiveCfg = Release|Any CPU
		{568B4FAF-F90E-4ACC-83B9-29EE3B2662BB}.Release|Any CPU.Build.0 = Release|Any CPU
	EndGlobalSection
	GlobalSection(SolutionProperties) = preSolution
		HideSolutionNode = FALSE
	EndGlobalSection
	GlobalSection(ExtensibilityGlobals) = postSolution
		SolutionGuid = {CB18E8FD-087D-43D5-8855-A7C7897D399B}
	EndGlobalSection
EndGlobal
